schema: '2.0'
stages:
  data_ingestion:
    cmd: python src/data/data_ingestion.py
    deps:
    - path: src/data/data_ingestion.py
      hash: md5
      md5: ee08a4c31ae467cebbcce70b5cc5491a
      size: 3545
    params:
      params.yaml:
        data_ingestion.test_size: 0.3
    outs:
    - path: data/raw
      hash: md5
      md5: 03b3b604b1f92a17191a7fc947e576d6.dir
      size: 827973
      nfiles: 2
  data_preprocessing:
    cmd: python src/data/data_preprocessing.py
    deps:
    - path: data/raw
      hash: md5
      md5: 03b3b604b1f92a17191a7fc947e576d6.dir
      size: 827973
      nfiles: 2
    - path: src/data/data_preprocessing.py
      hash: md5
      md5: c1e18bf95fcc1e3d80cae9ee7c4a6383
      size: 4014
    outs:
    - path: data/interim
      hash: md5
      md5: 5dc0cd6aef8578eb36f1b67dc4d67723.dir
      size: 566210
      nfiles: 2
  feature_engineering:
    cmd: python src/features/feature_engineering.py
    deps:
    - path: data/interim
      hash: md5
      md5: 5dc0cd6aef8578eb36f1b67dc4d67723.dir
      size: 566210
      nfiles: 2
    - path: src/features/feature_engineering.py
      hash: md5
      md5: 476aa0b44b73b851a2b14b4f1a489c90
      size: 3893
    params:
      params.yaml:
        feature_engineering.max_features: 5200
    outs:
    - path: data/processed
      hash: md5
      md5: 8c43ab14db044088c8ec85c7829f5817.dir
      size: 107970516
      nfiles: 2
    - path: models/vectorizer.pkl
      hash: md5
      md5: 186eaa21c1868b5e42125f672bcb8889
      size: 146712
  model_building:
    cmd: python src/model/model_building.py
    deps:
    - path: data/processed
      hash: md5
      md5: 8c43ab14db044088c8ec85c7829f5817.dir
      size: 107970516
      nfiles: 2
    - path: src/model/model_building.py
      hash: md5
      md5: e8863d9a518ef23837e5210ffea87343
      size: 2459
    outs:
    - path: models/Best_Model/model.pkl
      hash: md5
      md5: 5133f335c8ec5dee9f4114554641b605
      size: 42317
  model_evaluation:
    cmd: python src/model/model_evaluation.py
    deps:
    - path: models/Best_Model/model.pkl
      hash: md5
      md5: 5133f335c8ec5dee9f4114554641b605
      size: 42317
    - path: src/model/model_evaluation.py
      hash: md5
      md5: 8d24a3fb37bded10b992b4365f697aa0
      size: 6476
    outs:
    - path: reports/metrics.json
      hash: md5
      md5: 77a38ddf8ea3a41b062ef6fcba9841a5
      size: 145
    - path: reports/model_info.json
      hash: md5
      md5: 79cc4ff8ef28218dd8077f57b79d2be1
      size: 83
  model_registration:
    cmd: python src/model/register_model.py
    deps:
    - path: reports/model_info.json
      hash: md5
      md5: 896d422cf6a65f2d46e11b0f49ca71c1
      size: 83
    - path: src/model/register_model.py
      hash: md5
      md5: 36fbb07bfe9b427c6ea63b63f212280f
      size: 2961
