schema: '2.0'
stages:
  data_ingestion:
    cmd: python src/data/data_ingestion.py
    deps:
    - path: src/data/data_ingestion.py
      hash: md5
      md5: ee08a4c31ae467cebbcce70b5cc5491a
      size: 3545
    params:
      params.yaml:
        data_ingestion.test_size: 0.25
    outs:
    - path: data/raw
      hash: md5
      md5: 3a301dd6a0b3caa261222635788eb1a5.dir
      size: 827973
      nfiles: 2
  data_preprocessing:
    cmd: python src/data/data_preprocessing.py
    deps:
    - path: data/raw
      hash: md5
      md5: 3a301dd6a0b3caa261222635788eb1a5.dir
      size: 827973
      nfiles: 2
    - path: src/data/data_preprocessing.py
      hash: md5
      md5: c1e18bf95fcc1e3d80cae9ee7c4a6383
      size: 4014
    outs:
    - path: data/interim
      hash: md5
      md5: b59a6d9deda25e18ae8ad7d7977cbe56.dir
      size: 566210
      nfiles: 2
  feature_engineering:
    cmd: python src/features/feature_engineering.py
    deps:
    - path: data/interim
      hash: md5
      md5: b59a6d9deda25e18ae8ad7d7977cbe56.dir
      size: 566210
      nfiles: 2
    - path: src/features/feature_engineering.py
      hash: md5
      md5: 476aa0b44b73b851a2b14b4f1a489c90
      size: 3893
    params:
      params.yaml:
        feature_engineering.max_features: 5500
    outs:
    - path: data/processed
      hash: md5
      md5: d2d19037e9dc035093bc8621d8ec37a6.dir
      size: 114197916
      nfiles: 2
    - path: models/vectorizer.pkl
      hash: md5
      md5: b67cdec9ef99c8ab41a1d7989bbcd867
      size: 154979
  model_building:
    cmd: python src/model/model_building.py
    deps:
    - path: data/processed
      hash: md5
      md5: d2d19037e9dc035093bc8621d8ec37a6.dir
      size: 114197916
      nfiles: 2
    - path: src/model/model_building.py
      hash: md5
      md5: e8863d9a518ef23837e5210ffea87343
      size: 2459
    outs:
    - path: models/Best_Model/model.pkl
      hash: md5
      md5: eb72a9c7368698df4a7ba2995e504401
      size: 44717
  model_evaluation:
    cmd: python src/model/model_evaluation.py
    deps:
    - path: models/Best_Model/model.pkl
      hash: md5
      md5: eb72a9c7368698df4a7ba2995e504401
      size: 44717
    - path: src/model/model_evaluation.py
      hash: md5
      md5: 8d24a3fb37bded10b992b4365f697aa0
      size: 6476
    outs:
    - path: reports/metrics.json
      hash: md5
      md5: c9be06cf157e32cb7ae9afc4f269b009
      size: 145
    - path: reports/model_info.json
      hash: md5
      md5: aab4cb593d7f983e46da914f09b5a113
      size: 83
  model_registration:
    cmd: python src/model/register_model.py
    deps:
    - path: reports/model_info.json
      hash: md5
      md5: aab4cb593d7f983e46da914f09b5a113
      size: 83
    - path: src/model/register_model.py
      hash: md5
      md5: 0f59aefe549497af5d9230a05374ef8e
      size: 3047
