schema: '2.0'
stages:
  data_ingestion:
    cmd: python src/data/data_ingestion.py
    deps:
    - path: params.yaml
      hash: md5
      md5: 494d9159f29237df321ceb736aa1f2a1
      size: 98
    - path: src/data/data_ingestion.py
      hash: md5
      md5: 0e7edc1ad00c2143d9d20653ddfb05d5
      size: 3548
    params:
      params.yaml:
        data_ingestion.test_size: 0.25
    outs:
    - path: data/raw
      hash: md5
      md5: 3a301dd6a0b3caa261222635788eb1a5.dir
      size: 827973
      nfiles: 2
  data_preprocessing:
    cmd: python src/data/data_preprocessing.py
    deps:
    - path: data/raw
      hash: md5
      md5: 3a301dd6a0b3caa261222635788eb1a5.dir
      size: 827973
      nfiles: 2
    - path: src/data/data_preprocessing.py
      hash: md5
      md5: c1e18bf95fcc1e3d80cae9ee7c4a6383
      size: 4014
    outs:
    - path: data/interim
      hash: md5
      md5: b59a6d9deda25e18ae8ad7d7977cbe56.dir
      size: 566210
      nfiles: 2
  feature_engineering:
    cmd: python src/features/feature_engineering.py
    deps:
    - path: data/interim
      hash: md5
      md5: b59a6d9deda25e18ae8ad7d7977cbe56.dir
      size: 566210
      nfiles: 2
    - path: params.yaml
      hash: md5
      md5: 494d9159f29237df321ceb736aa1f2a1
      size: 98
    - path: src/features/feature_engineering.py
      hash: md5
      md5: 476aa0b44b73b851a2b14b4f1a489c90
      size: 3893
    params:
      params.yaml:
        feature_engineering.max_features: 4500
    outs:
    - path: data/processed
      hash: md5
      md5: abd0d6e747c3a8dc605257c778d062a2.dir
      size: 93439916
      nfiles: 2
    - path: models/vectorizer.pkl
      hash: md5
      md5: 8db085cecd2bab99f8e1db03073fb529
      size: 125521
  model_building:
    cmd: python src/model/model_building.py
    deps:
    - path: data/processed
      hash: md5
      md5: abd0d6e747c3a8dc605257c778d062a2.dir
      size: 93439916
      nfiles: 2
    - path: src/model/model_building.py
      hash: md5
      md5: e8863d9a518ef23837e5210ffea87343
      size: 2459
    outs:
    - path: models/Best_Model/model.pkl
      hash: md5
      md5: 708a024e30ba0dda15d420e53b022d80
      size: 36717
  model_evaluation:
    cmd: python src/model/model_evaluation.py
    deps:
    - path: models/Best_Model/model.pkl
      hash: md5
      md5: 708a024e30ba0dda15d420e53b022d80
      size: 36717
    - path: src/model/model_evaluation.py
      hash: md5
      md5: 802822732c9b7f9e3028a43892be80c6
      size: 5935
    outs:
    - path: reports/metrics.json
      hash: md5
      md5: c5586cfc22ba28e5e7475313401aaf7e
      size: 145
    - path: reports/model_info.json
      hash: md5
      md5: 6d3c0aba64d06f293a01f755cd2a8740
      size: 83
  model_registration:
    cmd: python src/model/register_model.py
    deps:
    - path: reports/model_info.json
      hash: md5
      md5: 6d3c0aba64d06f293a01f755cd2a8740
      size: 83
    - path: src/model/register_model.py
      hash: md5
      md5: feb19030d699dd291e0fb1f45ca471eb
      size: 3097
